
Microsoft Visual Studio Solution File, Format Version 12.00
# Visual Studio Version 17
VisualStudioVersion = 17.7.34024.191
MinimumVisualStudioVersion = 10.0.40219.1
Project("{8BC9CEB8-8B4A-11D0-8D11-00A0C91BC942}") = "bs12_KokoEating_54th", "bs12_KokoEating_54th.vcxproj", "{A838D815-9B0D-4942-B2EC-D793476EA6BD}"
EndProject
Global
	GlobalSection(SolutionConfigurationPlatforms) = preSolution
		Debug|x64 = Debug|x64
		Debug|x86 = Debug|x86
		Release|x64 = Release|x64
		Release|x86 = Release|x86
	EndGlobalSection
	GlobalSection(ProjectConfigurationPlatforms) = postSolution
		{A838D815-9B0D-4942-B2EC-D793476EA6BD}.Debug|x64.ActiveCfg = Debug|x64
		{A838D815-9B0D-4942-B2EC-D793476EA6BD}.Debug|x64.Build.0 = Debug|x64
		{A838D815-9B0D-4942-B2EC-D793476EA6BD}.Debug|x86.ActiveCfg = Debug|Win32
		{A838D815-9B0D-4942-B2EC-D793476EA6BD}.Debug|x86.Build.0 = Debug|Win32
		{A838D815-9B0D-4942-B2EC-D793476EA6BD}.Release|x64.ActiveCfg = Release|x64
		{A838D815-9B0D-4942-B2EC-D793476EA6BD}.Release|x64.Build.0 = Release|x64
		{A838D815-9B0D-4942-B2EC-D793476EA6BD}.Release|x86.ActiveCfg = Release|Win32
		{A838D815-9B0D-4942-B2EC-D793476EA6BD}.Release|x86.Build.0 = Release|Win32
	EndGlobalSection
	GlobalSection(SolutionProperties) = preSolution
		HideSolutionNode = FALSE
	EndGlobalSection
	GlobalSection(ExtensibilityGlobals) = postSolution
		SolutionGuid = {301EED7A-4123-427A-864C-9BC10E1E39A7}
	EndGlobalSection
EndGlobal
